// !$*UTF8*$!
{
	archiveVersion = 1;
	classes = {
	};
	objectVersion = 46;
	objects = {

/* Begin PBXBuildFile section */
		86634DF114C8957800C01490 /* main.cpp in Sources */ = {isa = PBXBuildFile; fileRef = 86634DF014C8957800C01490 /* main.cpp */; };
/* End PBXBuildFile section */

/* Begin PBXCopyFilesBuildPhase section */
		86634DEA14C8957800C01490 /* CopyFiles */ = {
			isa = PBXCopyFilesBuildPhase;
			buildActionMask = 2147483647;
			dstPath = /usr/share/man/man1/;
			dstSubfolderSpec = 0;
			files = (
			);
			runOnlyForDeploymentPostprocessing = 1;
		};
/* End PBXCopyFilesBuildPhase section */

/* Begin PBXFileReference section */
		86634DEC14C8957800C01490 /* CSIS 45 Programs */ = {isa = PBXFileReference; explicitFileType = "compiled.mach-o.executable"; includeInIndex = 0; path = "CSIS 45 Programs"; sourceTree = BUILT_PRODUCTS_DIR; };
		86634DF014C8957800C01490 /* main.cpp */ = {isa = PBXFileReference; lastKnownFileType = sourcecode.cpp.cpp; path = main.cpp; sourceTree = "<group>"; };
		86634DF214C8957800C01490 /* CSIS_45_Programs.1 */ = {isa = PBXFileReference; lastKnownFileType = text.man; path = CSIS_45_Programs.1; sourceTree = "<group>"; };
/* End PBXFileReference section */

/* Begin PBXFrameworksBuildPhase section */
		86634DE914C8957800C01490 /* Frameworks */ = {
			isa = PBXFrameworksBuildPhase;
			buildActionMask = 2147483647;
			files = (
			);
			runOnlyForDeploymentPostprocessing = 0;
		};
/* End PBXFrameworksBuildPhase section */

/* Begin PBXGroup section */
		86634DE114C8957700C01490 = {
			isa = PBXGroup;
			children = (
				86634DEF14C8957800C01490 /* CSIS 45 Programs */,
				86634DED14C8957800C01490 /* Products */,
			);
			sourceTree = "<group>";
		};
		86634DED14C8957800C01490 /* Products */ = {
			isa = PBXGroup;
			children = (
				86634DEC14C8957800C01490 /* CSIS 45 Programs */,
			);
			name = Products;
			sourceTree = "<group>";
		};
		86634DEF14C8957800C01490 /* CSIS 45 Programs */ = {
			isa = PBXGroup;
			children = (
				86634DF014C8957800C01490 /* main.cpp */,
				86634DF214C8957800C01490 /* CSIS_45_Programs.1 */,
			);
			path = "CSIS 45 Programs";
			sourceTree = "<group>";
		};
/* End PBXGroup section */

/* Begin PBXNativeTarget section */
		86634DEB14C8957800C01490 /* CSIS 45 Programs */ = {
			isa = PBXNativeTarget;
			buildConfigurationList = 86634DF514C8957800C01490 /* Build configuration list for PBXNativeTarget "CSIS 45 Programs" */;
			buildPhases = (
				86634DE814C8957800C01490 /* Sources */,
				86634DE914C8957800C01490 /* Frameworks */,
				86634DEA14C8957800C01490 /* CopyFiles */,
			);
			buildRules = (
			);
			dependencies = (
			);
			name = "CSIS 45 Programs";
			productName = "CSIS 45 Programs";
			productReference = 86634DEC14C8957800C01490 /* CSIS 45 Programs */;
			productType = "com.apple.product-type.tool";
		};
/* End PBXNativeTarget section */

/* Begin PBXProject section */
		86634DE314C8957700C01490 /* Project object */ = {
			isa = PBXProject;
			buildConfigurationList = 86634DE614C8957700C01490 /* Build configuration list for PBXProject "CSIS 45 Programs" */;
			compatibilityVersion = "Xcode 3.2";
			developmentRegion = English;
			hasScannedForEncodings = 0;
			knownRegions = (
				en,
			);
			mainGroup = 86634DE114C8957700C01490;
			productRefGroup = 86634DED14C8957800C01490 /* Products */;
			projectDirPath = "";
			projectRoot = "";
			targets = (
				86634DEB14C8957800C01490 /* CSIS 45 Programs */,
			);
		};
/* End PBXProject section */

/* Begin PBXSourcesBuildPhase section */
		86634DE814C8957800C01490 /* Sources */ = {
			isa = PBXSourcesBuildPhase;
			buildActionMask = 2147483647;
			files = (
				86634DF114C8957800C01490 /* main.cpp in Sources */,
			);
			runOnlyForDeploymentPostprocessing = 0;
		};
/* End PBXSourcesBuildPhase section */

/* Begin XCBuildConfiguration section */
		86634DF314C8957800C01490 /* Debug */ = {
			isa = XCBuildConfiguration;
			buildSettings = {
				ARCHS = "$(ARCHS_STANDARD_32_64_BIT)";
				GCC_C_LANGUAGE_STANDARD = gnu99;
				GCC_OPTIMIZATION_LEVEL = 0;
				GCC_PREPROCESSOR_DEFINITIONS = DEBUG;
				GCC_SYMBOLS_PRIVATE_EXTERN = NO;
				GCC_VERSION = com.apple.compilers.llvm.clang.1_0;
				GCC_WARN_64_TO_32_BIT_CONVERSION = YES;
				GCC_WARN_ABOUT_RETURN_TYPE = YES;
				GCC_WARN_UNUSED_VARIABLE = YES;
				MACOSX_DEPLOYMENT_TARGET = 10.6;
				ONLY_ACTIVE_ARCH = YES;
				SDKROOT = macosx;
			};
			name = Debug;
		};
		86634DF414C8957800C01490 /* Release */ = {
			isa = XCBuildConfiguration;
			buildSettings = {
				ARCHS = "$(ARCHS_STANDARD_32_64_BIT)";
				GCC_C_LANGUAGE_STANDARD = gnu99;
				GCC_VERSION = com.apple.compilers.llvm.clang.1_0;
				GCC_WARN_64_TO_32_BIT_CONVERSION = YES;
				GCC_WARN_ABOUT_RETURN_TYPE = YES;
				GCC_WARN_UNUSED_VARIABLE = YES;
				MACOSX_DEPLOYMENT_TARGET = 10.6;
				SDKROOT = macosx;
			};
			name = Release;
		};
		86634DF614C8957800C01490 /* Debug */ = {
			isa = XCBuildConfiguration;
			buildSettings = {
				ALWAYS_SEARCH_USER_PATHS = NO;
				COPY_PHASE_STRIP = NO;
				GCC_DYNAMIC_NO_PIC = NO;
				GCC_ENABLE_OBJC_EXCEPTIONS = YES;
				PRODUCT_NAME = "$(TARGET_NAME)";
			};
			name = Debug;
		};
		86634DF714C8957800C01490 /* Release */ = {
			isa = XCBuildConfiguration;
			buildSettings = {
				ALWAYS_SEARCH_USER_PATHS = NO;
				COPY_PHASE_STRIP = YES;
				DEBUG_INFORMATION_FORMAT = "dwarf-with-dsym";
				GCC_ENABLE_OBJC_EXCEPTIONS = YES;
				PRODUCT_NAME = "$(TARGET_NAME)";
			};
			name = Release;
		};
/* End XCBuildConfiguration section */

/* Begin XCConfigurationList section */
		86634DE614C8957700C01490 /* Build configuration list for PBXProject "CSIS 45 Programs" */ = {
			isa = XCConfigurationList;
			buildConfigurations = (
				86634DF314C8957800C01490 /* Debug */,
				86634DF414C8957800C01490 /* Release */,
			);
			defaultConfigurationIsVisible = 0;
			defaultConfigurationName = Release;
		};
		86634DF514C8957800C01490 /* Build configuration list for PBXNativeTarget "CSIS 45 Programs" */ = {
			isa = XCConfigurationList;
			buildConfigurations = (
				86634DF614C8957800C01490 /* Debug */,
				86634DF714C8957800C01490 /* Release */,
			);
			defaultConfigurationIsVisible = 0;
		};
/* End XCConfigurationList section */
	};
	rootObject = 86634DE314C8957700C01490 /* Project object */;
}
